
Microsoft Visual Studio Solution File, Format Version 12.00
# Visual Studio Version 17
VisualStudioVersion = 17.0.31903.59
MinimumVisualStudioVersion = 10.0.40219.1
Project("{2150E333-8FDC-42A3-9474-1A3956D46DE8}") = "src", "src", "{827E0CD3-B72D-47B6-A68D-7590B98EB39B}"
EndProject
Project("{FAE04EC0-301F-11D3-BF4B-00C04F79EFBC}") = "Shohin.Domain", "src\Shohin.Domain\Shohin.Domain.csproj", "{F71CC686-2336-4E44-BEDC-5E1FA6F31FC0}"
EndProject
Project("{FAE04EC0-301F-11D3-BF4B-00C04F79EFBC}") = "Shohin.Application", "src\Shohin.Application\Shohin.Application.csproj", "{E5F7CDD5-24D9-40A6-86E6-8574E6F5333C}"
EndProject
Project("{FAE04EC0-301F-11D3-BF4B-00C04F79EFBC}") = "Shohin.Infrastructure", "src\Shohin.Infrastructure\Shohin.Infrastructure.csproj", "{0D0A8587-A18A-4DF6-AFA0-9361CE3F37E6}"
EndProject
Project("{FAE04EC0-301F-11D3-BF4B-00C04F79EFBC}") = "Shohin.Api", "src\Shohin.Api\Shohin.Api.csproj", "{F71F2AB0-05AC-494B-9BF4-2E23C12729B2}"
EndProject
Project("{FAE04EC0-301F-11D3-BF4B-00C04F79EFBC}") = "Shohin.Worker.Local", "src\Shohin.Worker.Local\Shohin.Worker.Local.csproj", "{5C5120F5-FC78-4F3C-9EA5-9BDA01122438}"
EndProject
Global
	GlobalSection(SolutionConfigurationPlatforms) = preSolution
		Debug|Any CPU = Debug|Any CPU
		Debug|x64 = Debug|x64
		Debug|x86 = Debug|x86
		Release|Any CPU = Release|Any CPU
		Release|x64 = Release|x64
		Release|x86 = Release|x86
	EndGlobalSection
	GlobalSection(ProjectConfigurationPlatforms) = postSolution
		{F71CC686-2336-4E44-BEDC-5E1FA6F31FC0}.Debug|Any CPU.ActiveCfg = Debug|Any CPU
		{F71CC686-2336-4E44-BEDC-5E1FA6F31FC0}.Debug|Any CPU.Build.0 = Debug|Any CPU
		{F71CC686-2336-4E44-BEDC-5E1FA6F31FC0}.Debug|x64.ActiveCfg = Debug|Any CPU
		{F71CC686-2336-4E44-BEDC-5E1FA6F31FC0}.Debug|x64.Build.0 = Debug|Any CPU
		{F71CC686-2336-4E44-BEDC-5E1FA6F31FC0}.Debug|x86.ActiveCfg = Debug|Any CPU
		{F71CC686-2336-4E44-BEDC-5E1FA6F31FC0}.Debug|x86.Build.0 = Debug|Any CPU
		{F71CC686-2336-4E44-BEDC-5E1FA6F31FC0}.Release|Any CPU.ActiveCfg = Release|Any CPU
		{F71CC686-2336-4E44-BEDC-5E1FA6F31FC0}.Release|Any CPU.Build.0 = Release|Any CPU
		{F71CC686-2336-4E44-BEDC-5E1FA6F31FC0}.Release|x64.ActiveCfg = Release|Any CPU
		{F71CC686-2336-4E44-BEDC-5E1FA6F31FC0}.Release|x64.Build.0 = Release|Any CPU
		{F71CC686-2336-4E44-BEDC-5E1FA6F31FC0}.Release|x86.ActiveCfg = Release|Any CPU
		{F71CC686-2336-4E44-BEDC-5E1FA6F31FC0}.Release|x86.Build.0 = Release|Any CPU
		{E5F7CDD5-24D9-40A6-86E6-8574E6F5333C}.Debug|Any CPU.ActiveCfg = Debug|Any CPU
		{E5F7CDD5-24D9-40A6-86E6-8574E6F5333C}.Debug|Any CPU.Build.0 = Debug|Any CPU
		{E5F7CDD5-24D9-40A6-86E6-8574E6F5333C}.Debug|x64.ActiveCfg = Debug|Any CPU
		{E5F7CDD5-24D9-40A6-86E6-8574E6F5333C}.Debug|x64.Build.0 = Debug|Any CPU
		{E5F7CDD5-24D9-40A6-86E6-8574E6F5333C}.Debug|x86.ActiveCfg = Debug|Any CPU
		{E5F7CDD5-24D9-40A6-86E6-8574E6F5333C}.Debug|x86.Build.0 = Debug|Any CPU
		{E5F7CDD5-24D9-40A6-86E6-8574E6F5333C}.Release|Any CPU.ActiveCfg = Release|Any CPU
		{E5F7CDD5-24D9-40A6-86E6-8574E6F5333C}.Release|Any CPU.Build.0 = Release|Any CPU
		{E5F7CDD5-24D9-40A6-86E6-8574E6F5333C}.Release|x64.ActiveCfg = Release|Any CPU
		{E5F7CDD5-24D9-40A6-86E6-8574E6F5333C}.Release|x64.Build.0 = Release|Any CPU
		{E5F7CDD5-24D9-40A6-86E6-8574E6F5333C}.Release|x86.ActiveCfg = Release|Any CPU
		{E5F7CDD5-24D9-40A6-86E6-8574E6F5333C}.Release|x86.Build.0 = Release|Any CPU
		{0D0A8587-A18A-4DF6-AFA0-9361CE3F37E6}.Debug|Any CPU.ActiveCfg = Debug|Any CPU
		{0D0A8587-A18A-4DF6-AFA0-9361CE3F37E6}.Debug|Any CPU.Build.0 = Debug|Any CPU
		{0D0A8587-A18A-4DF6-AFA0-9361CE3F37E6}.Debug|x64.ActiveCfg = Debug|Any CPU
		{0D0A8587-A18A-4DF6-AFA0-9361CE3F37E6}.Debug|x64.Build.0 = Debug|Any CPU
		{0D0A8587-A18A-4DF6-AFA0-9361CE3F37E6}.Debug|x86.ActiveCfg = Debug|Any CPU
		{0D0A8587-A18A-4DF6-AFA0-9361CE3F37E6}.Debug|x86.Build.0 = Debug|Any CPU
		{0D0A8587-A18A-4DF6-AFA0-9361CE3F37E6}.Release|Any CPU.ActiveCfg = Release|Any CPU
		{0D0A8587-A18A-4DF6-AFA0-9361CE3F37E6}.Release|Any CPU.Build.0 = Release|Any CPU
		{0D0A8587-A18A-4DF6-AFA0-9361CE3F37E6}.Release|x64.ActiveCfg = Release|Any CPU
		{0D0A8587-A18A-4DF6-AFA0-9361CE3F37E6}.Release|x64.Build.0 = Release|Any CPU
		{0D0A8587-A18A-4DF6-AFA0-9361CE3F37E6}.Release|x86.ActiveCfg = Release|Any CPU
		{0D0A8587-A18A-4DF6-AFA0-9361CE3F37E6}.Release|x86.Build.0 = Release|Any CPU
		{F71F2AB0-05AC-494B-9BF4-2E23C12729B2}.Debug|Any CPU.ActiveCfg = Debug|Any CPU
		{F71F2AB0-05AC-494B-9BF4-2E23C12729B2}.Debug|Any CPU.Build.0 = Debug|Any CPU
		{F71F2AB0-05AC-494B-9BF4-2E23C12729B2}.Debug|x64.ActiveCfg = Debug|Any CPU
		{F71F2AB0-05AC-494B-9BF4-2E23C12729B2}.Debug|x64.Build.0 = Debug|Any CPU
		{F71F2AB0-05AC-494B-9BF4-2E23C12729B2}.Debug|x86.ActiveCfg = Debug|Any CPU
		{F71F2AB0-05AC-494B-9BF4-2E23C12729B2}.Debug|x86.Build.0 = Debug|Any CPU
		{F71F2AB0-05AC-494B-9BF4-2E23C12729B2}.Release|Any CPU.ActiveCfg = Release|Any CPU
		{F71F2AB0-05AC-494B-9BF4-2E23C12729B2}.Release|Any CPU.Build.0 = Release|Any CPU
		{F71F2AB0-05AC-494B-9BF4-2E23C12729B2}.Release|x64.ActiveCfg = Release|Any CPU
		{F71F2AB0-05AC-494B-9BF4-2E23C12729B2}.Release|x64.Build.0 = Release|Any CPU
		{F71F2AB0-05AC-494B-9BF4-2E23C12729B2}.Release|x86.ActiveCfg = Release|Any CPU
		{F71F2AB0-05AC-494B-9BF4-2E23C12729B2}.Release|x86.Build.0 = Release|Any CPU
		{5C5120F5-FC78-4F3C-9EA5-9BDA01122438}.Debug|Any CPU.ActiveCfg = Debug|Any CPU
		{5C5120F5-FC78-4F3C-9EA5-9BDA01122438}.Debug|Any CPU.Build.0 = Debug|Any CPU
		{5C5120F5-FC78-4F3C-9EA5-9BDA01122438}.Debug|x64.ActiveCfg = Debug|Any CPU
		{5C5120F5-FC78-4F3C-9EA5-9BDA01122438}.Debug|x64.Build.0 = Debug|Any CPU
		{5C5120F5-FC78-4F3C-9EA5-9BDA01122438}.Debug|x86.ActiveCfg = Debug|Any CPU
		{5C5120F5-FC78-4F3C-9EA5-9BDA01122438}.Debug|x86.Build.0 = Debug|Any CPU
		{5C5120F5-FC78-4F3C-9EA5-9BDA01122438}.Release|Any CPU.ActiveCfg = Release|Any CPU
		{5C5120F5-FC78-4F3C-9EA5-9BDA01122438}.Release|Any CPU.Build.0 = Release|Any CPU
		{5C5120F5-FC78-4F3C-9EA5-9BDA01122438}.Release|x64.ActiveCfg = Release|Any CPU
		{5C5120F5-FC78-4F3C-9EA5-9BDA01122438}.Release|x64.Build.0 = Release|Any CPU
		{5C5120F5-FC78-4F3C-9EA5-9BDA01122438}.Release|x86.ActiveCfg = Release|Any CPU
		{5C5120F5-FC78-4F3C-9EA5-9BDA01122438}.Release|x86.Build.0 = Release|Any CPU
	EndGlobalSection
	GlobalSection(SolutionProperties) = preSolution
		HideSolutionNode = FALSE
	EndGlobalSection
	GlobalSection(NestedProjects) = preSolution
		{F71CC686-2336-4E44-BEDC-5E1FA6F31FC0} = {827E0CD3-B72D-47B6-A68D-7590B98EB39B}
		{E5F7CDD5-24D9-40A6-86E6-8574E6F5333C} = {827E0CD3-B72D-47B6-A68D-7590B98EB39B}
		{0D0A8587-A18A-4DF6-AFA0-9361CE3F37E6} = {827E0CD3-B72D-47B6-A68D-7590B98EB39B}
		{F71F2AB0-05AC-494B-9BF4-2E23C12729B2} = {827E0CD3-B72D-47B6-A68D-7590B98EB39B}
		{5C5120F5-FC78-4F3C-9EA5-9BDA01122438} = {827E0CD3-B72D-47B6-A68D-7590B98EB39B}
	EndGlobalSection
EndGlobal
